<?xml version="1.0" encoding="utf-8"?>
<Project ToolsVersion="4.0" xmlns="http://schemas.microsoft.com/developer/msbuild/2003">
  <ItemGroup>
    <Filter Include="Source Files">
      <UniqueIdentifier>{4FC737F1-C7A5-4376-A066-2A32D752A2FF}</UniqueIdentifier>
      <Extensions>cpp;c;cc;cxx;c++;def;odl;idl;hpj;bat;asm;asmx</Extensions>
    </Filter>
    <Filter Include="Header Files">
      <UniqueIdentifier>{93995380-89BD-4b04-88EB-625FBE52EBFB}</UniqueIdentifier>
      <Extensions>h;hh;hpp;hxx;h++;hm;inl;inc;ipp;xsd</Extensions>
    </Filter>
    <Filter Include="Resource Files">
      <UniqueIdentifier>{67DA6AB6-F800-4c08-8B7A-83BB121AAD01}</UniqueIdentifier>
      <Extensions>rc;ico;cur;bmp;dlg;rc2;rct;bin;rgs;gif;jpg;jpeg;jpe;resx;tiff;tif;png;wav;mfcribbon-ms</Extensions>
    </Filter>
  </ItemGroup>
  <ItemGroup>
    <ClCompile Include="Account.cpp">
      <Filter>Source Files</Filter>
    </ClCompile>
    <ClCompile Include="Problem-1.cpp">
      <Filter>Source Files</Filter>
    </ClCompile>
    <ClCompile Include="problem-2.cpp">
      <Filter>Source Files</Filter>
    </ClCompile>
    <ClCompile Include="Template Specialization.cpp">
      <Filter>Source Files</Filter>
    </ClCompile>
    <ClCompile Include="binary_reverse_prob.cpp">
      <Filter>Source Files</Filter>
    </ClCompile>
    <ClCompile Include="Variadic_template.cpp">
      <Filter>Source Files</Filter>
    </ClCompile>
    <ClCompile Include="basic_data_input_prob.cpp">
      <Filter>Source Files</Filter>
    </ClCompile>
    <ClCompile Include="input_manipultor.cpp">
      <Filter>Source Files</Filter>
    </ClCompile>
    <ClCompile Include="string_problem.cpp">
      <Filter>Source Files</Filter>
    </ClCompile>
    <ClCompile Include="struct_problem.cpp">
      <Filter>Source Files</Filter>
    </ClCompile>
    <ClCompile Include="class_problem.cpp">
      <Filter>Source Files</Filter>
    </ClCompile>
    <ClCompile Include="extended_class_problem.cpp">
      <Filter>Source Files</Filter>
    </ClCompile>
    <ClCompile Include="box_prob.cpp">
      <Filter>Source Files</Filter>
    </ClCompile>
    <ClCompile Include="custom_exception.cpp">
      <Filter>Source Files</Filter>
    </ClCompile>
    <ClCompile Include="exceptional_server.cpp">
      <Filter>Source Files</Filter>
    </ClCompile>
    <ClCompile Include="virtual_functions.cpp">
      <Filter>Source Files</Filter>
    </ClCompile>
    <ClCompile Include="abstract_classes_polymorphism.cpp">
      <Filter>Source Files</Filter>
    </ClCompile>
    <ClCompile Include="vector_sort.cpp">
      <Filter>Source Files</Filter>
    </ClCompile>
    <ClCompile Include="vector_erase.cpp">
      <Filter>Source Files</Filter>
    </ClCompile>
    <ClCompile Include="cpp_lower_bound.cpp">
      <Filter>Source Files</Filter>
    </ClCompile>
    <ClCompile Include="cpp_sets.cpp">
      <Filter>Source Files</Filter>
    </ClCompile>
    <ClCompile Include="cpp_maps.cpp">
      <Filter>Source Files</Filter>
    </ClCompile>
    <ClCompile Include="prettyprint.cpp">
      <Filter>Source Files</Filter>
    </ClCompile>
    <ClCompile Include="deque_stl.cpp">
      <Filter>Source Files</Filter>
    </ClCompile>
    <ClCompile Include="inheritance_introduction.cpp">
      <Filter>Source Files</Filter>
    </ClCompile>
    <ClCompile Include="hotel_prices.cpp">
      <Filter>Source Files</Filter>
    </ClCompile>
    <ClCompile Include="cpp_exception_handling.cpp">
      <Filter>Source Files</Filter>
    </ClCompile>
    <ClCompile Include="rectangle_area.cpp">
      <Filter>Source Files</Filter>
    </ClCompile>
    <ClCompile Include="multi_level_inheritance_cpp.cpp">
      <Filter>Source Files</Filter>
    </ClCompile>
    <ClCompile Include="overloading_ostream_operator.cpp">
      <Filter>Source Files</Filter>
    </ClCompile>
    <ClCompile Include="messages_order.cpp">
      <Filter>Source Files</Filter>
    </ClCompile>
    <ClCompile Include="accessing_inherited_functions.cpp">
      <Filter>Source Files</Filter>
    </ClCompile>
    <ClCompile Include="c_class_templates.cpp">
      <Filter>Source Files</Filter>
    </ClCompile>
  </ItemGroup>
  <ItemGroup>
    <ClInclude Include="Account.h">
      <Filter>Header Files</Filter>
    </ClInclude>
    <ClInclude Include="box_prob.h">
      <Filter>Header Files</Filter>
    </ClInclude>
    <ClInclude Include="exceptional_server.h">
      <Filter>Header Files</Filter>
    </ClInclude>
    <ClInclude Include="virtual_functions.h">
      <Filter>Header Files</Filter>
    </ClInclude>
    <ClInclude Include="abstract_classes_polymorphism.h">
      <Filter>Header Files</Filter>
    </ClInclude>
    <ClInclude Include="vector_sort.h">
      <Filter>Header Files</Filter>
    </ClInclude>
    <ClInclude Include="vector_erase.h">
      <Filter>Header Files</Filter>
    </ClInclude>
    <ClInclude Include="cpp_lower_bound.h">
      <Filter>Header Files</Filter>
    </ClInclude>
    <ClInclude Include="cpp_sets.h">
      <Filter>Header Files</Filter>
    </ClInclude>
    <ClInclude Include="cpp_maps.h">
      <Filter>Header Files</Filter>
    </ClInclude>
    <ClInclude Include="prettyprint.h">
      <Filter>Header Files</Filter>
    </ClInclude>
    <ClInclude Include="deque_stl.h">
      <Filter>Header Files</Filter>
    </ClInclude>
    <ClInclude Include="inheritance_introduction.h">
      <Filter>Header Files</Filter>
    </ClInclude>
    <ClInclude Include="hotel_prices.h">
      <Filter>Header Files</Filter>
    </ClInclude>
    <ClInclude Include="cpp_exception_handling.h">
      <Filter>Header Files</Filter>
    </ClInclude>
    <ClInclude Include="rectangle_area.h">
      <Filter>Header Files</Filter>
    </ClInclude>
    <ClInclude Include="multi_level_inheritance_cpp.h">
      <Filter>Header Files</Filter>
    </ClInclude>
    <ClInclude Include="overloading_ostream_operator.h">
      <Filter>Header Files</Filter>
    </ClInclude>
    <ClInclude Include="messages_order.h">
      <Filter>Header Files</Filter>
    </ClInclude>
    <ClInclude Include="accessing_inherited_functions.h">
      <Filter>Header Files</Filter>
    </ClInclude>
    <ClInclude Include="c_class_templates.h">
      <Filter>Header Files</Filter>
    </ClInclude>
  </ItemGroup>
</Project>